lockfileVersion: 5.4

specifiers:
  '@azure/msal-node': ^1.14.3
  '@node-oauth/oauth2-server': ^4.2.0
  '@types/node': ^18.8.4

dependencies:
  '@azure/msal-node': 1.14.3
  '@node-oauth/oauth2-server': 4.2.0

devDependencies:
  '@types/node': 18.8.4

packages:

  /@azure/msal-common/8.0.0:
    resolution: {integrity: sha512-KLGVmWoDcpWl/SKb4TZUjWm+l3lim4tUwAAvCM8N8rSHu8r0NtMTySMWBv7d3G8as1SvC4nr3eTae1+9hTp4wg==}
    engines: {node: '>=0.8.0'}
    dev: false

  /@azure/msal-node/1.14.3:
    resolution: {integrity: sha512-95fuxbSq/5PNlxWybQID8ShFBMjYSN0XvHUPmelwgsgJiO3F+TN5SpIvjgLGa+aMVAxEYq6TvKXK+I3qm1EMqQ==}
    engines: {node: 10 || 12 || 14 || 16 || 18}
    dependencies:
      '@azure/msal-common': 8.0.0
      jsonwebtoken: 8.5.1
      uuid: 8.3.2
    dev: false

  /@node-oauth/formats/1.0.0:
    resolution: {integrity: sha512-DwSbLtdC8zC5B5gTJkFzJj5s9vr9SGzOgQvV9nH7tUVuMSScg0EswAczhjIapOmH3Y8AyP7C4Jv7b8+QJObWZA==}
    dev: false

  /@node-oauth/oauth2-server/4.2.0:
    resolution: {integrity: sha512-4nMcdCp3JNhhJAIjYou49QNcFZZdZ//kC7igrCw1Etlqhdz38hgLEUDXFpyGYQszVK9fg5HRIgR9e6mFaxiUEw==}
    engines: {node: '>=12.0.0'}
    dependencies:
      '@node-oauth/formats': 1.0.0
      basic-auth: 2.0.1
      bluebird: 3.7.2
      promisify-any: 2.0.1
      type-is: 1.6.18
    dev: false

  /@types/node/18.8.4:
    resolution: {integrity: sha512-WdlVphvfR/GJCLEMbNA8lJ0lhFNBj4SW3O+O5/cEGw9oYrv0al9zTwuQsq+myDUXgNx2jgBynoVgZ2MMJ6pbow==}
    dev: true

  /basic-auth/2.0.1:
    resolution: {integrity: sha512-NF+epuEdnUYVlGuhaxbbq+dvJttwLnGY+YixlXlME5KpQ5W3CnXA5cVTneY3SPbPDRkcjMbifrwmFYcClgOZeg==}
    engines: {node: '>= 0.8'}
    dependencies:
      safe-buffer: 5.1.2
    dev: false

  /bluebird/2.11.0:
    resolution: {integrity: sha512-UfFSr22dmHPQqPP9XWHRhq+gWnHCYguQGkXQlbyPtW5qTnhFWA8/iXg765tH0cAjy7l/zPJ1aBTO0g5XgA7kvQ==}
    dev: false

  /bluebird/3.7.2:
    resolution: {integrity: sha512-XpNj6GDQzdfW+r2Wnn7xiSAd7TM3jzkxGXBGTtWKuSXv1xUV+azxAm8jdWZN06QTQk+2N2XB9jRDkvbmQmcRtg==}
    dev: false

  /buffer-equal-constant-time/1.0.1:
    resolution: {integrity: sha1-+OcRMvf/5uAaXJaXpMbz5I1cyBk=}
    dev: false

  /co-bluebird/1.1.0:
    resolution: {integrity: sha512-JuoemMXxQjYAxbfRrNpOsLyiwDiY8mXvGqJyYLM7jMySDJtnMklW3V2o8uyubpc1eN2YoRsAdfZ1lfKCd3lsrA==}
    engines: {node: '>=0.12.0'}
    dependencies:
      bluebird: 2.11.0
      co-use: 1.1.0
    dev: false

  /co-use/1.1.0:
    resolution: {integrity: sha512-1lVRtdywv41zQO/xvI2wU8w6oFcUYT6T84YKSxN25KN4N4Kld3scLovt8FjDmD63Cm7HtyRWHjezt+IanXmkyA==}
    engines: {node: '>=0.12.0'}
    dev: false

  /ecdsa-sig-formatter/1.0.11:
    resolution: {integrity: sha512-nagl3RYrbNv6kQkeJIpt6NJZy8twLB/2vtz6yN9Z4vRKHN4/QZJIEbqohALSgwKdnksuY3k5Addp5lg8sVoVcQ==}
    dependencies:
      safe-buffer: 5.1.2
    dev: false

  /is-generator/1.0.3:
    resolution: {integrity: sha512-G56jBpbJeg7ds83HW1LuShNs8J73Fv3CPz/bmROHOHlnKkN8sWb9ujiagjmxxMUywftgq48HlBZELKKqFLk0oA==}
    dev: false

  /jsonwebtoken/8.5.1:
    resolution: {integrity: sha512-XjwVfRS6jTMsqYs0EsuJ4LGxXV14zQybNd4L2r0UvbVnSF9Af8x7p5MzbJ90Ioz/9TI41/hTCvznF/loiSzn8w==}
    engines: {node: '>=4', npm: '>=1.4.28'}
    dependencies:
      jws: 3.2.2
      lodash.includes: 4.3.0
      lodash.isboolean: 3.0.3
      lodash.isinteger: 4.0.4
      lodash.isnumber: 3.0.3
      lodash.isplainobject: 4.0.6
      lodash.isstring: 4.0.1
      lodash.once: 4.1.1
      ms: 2.1.3
      semver: 5.7.1
    dev: false

  /jwa/1.4.1:
    resolution: {integrity: sha512-qiLX/xhEEFKUAJ6FiBMbes3w9ATzyk5W7Hvzpa/SLYdxNtng+gcurvrI7TbACjIXlsJyr05/S1oUhZrc63evQA==}
    dependencies:
      buffer-equal-constant-time: 1.0.1
      ecdsa-sig-formatter: 1.0.11
      safe-buffer: 5.1.2
    dev: false

  /jws/3.2.2:
    resolution: {integrity: sha512-YHlZCB6lMTllWDtSPHz/ZXTsi8S00usEV6v1tjq8tOUZzw7DpSDWVXjXDre6ed1w/pd495ODpHZYSdkRTsa0HA==}
    dependencies:
      jwa: 1.4.1
      safe-buffer: 5.1.2
    dev: false

  /lodash.includes/4.3.0:
    resolution: {integrity: sha512-W3Bx6mdkRTGtlJISOvVD/lbqjTlPPUDTMnlXZFnVwi9NKJ6tiAk6LVdlhZMm17VZisqhKcgzpO5Wz91PCt5b0w==}
    dev: false

  /lodash.isboolean/3.0.3:
    resolution: {integrity: sha512-Bz5mupy2SVbPHURB98VAcw+aHh4vRV5IPNhILUCsOzRmsTmSQ17jIuqopAentWoehktxGd9e/hbIXq980/1QJg==}
    dev: false

  /lodash.isinteger/4.0.4:
    resolution: {integrity: sha512-DBwtEWN2caHQ9/imiNeEA5ys1JoRtRfY3d7V9wkqtbycnAmTvRRmbHKDV4a0EYc678/dia0jrte4tjYwVBaZUA==}
    dev: false

  /lodash.isnumber/3.0.3:
    resolution: {integrity: sha512-QYqzpfwO3/CWf3XP+Z+tkQsfaLL/EnUlXWVkIk5FUPc4sBdTehEqZONuyRt2P67PXAk+NXmTBcc97zw9t1FQrw==}
    dev: false

  /lodash.isplainobject/4.0.6:
    resolution: {integrity: sha512-oSXzaWypCMHkPC3NvBEaPHf0KsA5mvPrOPgQWDsbg8n7orZ290M0BmC/jgRZ4vcJ6DTAhjrsSYgdsW/F+MFOBA==}
    dev: false

  /lodash.isstring/4.0.1:
    resolution: {integrity: sha512-0wJxfxH1wgO3GrbuP+dTTk7op+6L41QCXbGINEmD+ny/G/eCqGzxyCsh7159S+mgDDcoarnBw6PC1PS5+wUGgw==}
    dev: false

  /lodash.once/4.1.1:
    resolution: {integrity: sha512-Sb487aTOCr9drQVL8pIxOzVhafOjZN9UU54hiN8PU3uAiSV7lx1yYNpbNmex2PK6dSJoNTSJUUswT651yww3Mg==}
    dev: false

  /media-typer/0.3.0:
    resolution: {integrity: sha1-hxDXrwqmJvj/+hzgAWhUUmMlV0g=}
    engines: {node: '>= 0.6'}
    dev: false

  /mime-db/1.52.0:
    resolution: {integrity: sha512-sPU4uV7dYlvtWJxwwxHD0PuihVNiE7TyAbQ5SWxDCB9mUYvOgroQOwYQQOKPJ8CIbE+1ETVlOoK1UC2nU3gYvg==}
    engines: {node: '>= 0.6'}
    dev: false

  /mime-types/2.1.35:
    resolution: {integrity: sha512-ZDY+bPm5zTTF+YpCrAU9nK0UgICYPT0QtT1NZWFv4s++TNkcgVaT0g6+4R2uI4MjQjzysHB1zxuWL50hzaeXiw==}
    engines: {node: '>= 0.6'}
    dependencies:
      mime-db: 1.52.0
    dev: false

  /ms/2.1.3:
    resolution: {integrity: sha512-6FlzubTLZG3J2a/NVCAleEhjzq5oxgHyaCU9yYXvcLsvoVaHJq/s5xXI6/XXP6tz7R9xAOtHnSO/tXtF3WRTlA==}
    dev: false

  /promisify-any/2.0.1:
    resolution: {integrity: sha1-QD4AqIE/F1JCq1D+M6afjuzkcwU=}
    engines: {node: '>=0.10.0'}
    dependencies:
      bluebird: 2.11.0
      co-bluebird: 1.1.0
      is-generator: 1.0.3
    dev: false

  /safe-buffer/5.1.2:
    resolution: {integrity: sha512-Gd2UZBJDkXlY7GbJxfsE8/nvKkUEU1G38c1siN6QP6a9PT9MmHB8GnpscSmMJSoF8LOIrt8ud/wPtojys4G6+g==}
    dev: false

  /semver/5.7.1:
    resolution: {integrity: sha512-sauaDf/PZdVgrLTNYHRtpXa1iRiKcaebiKQ1BJdpQlWH2lCvexQdX55snPFyK7QzpudqbCI0qXFfOasHdyNDGQ==}
    hasBin: true
    dev: false

  /type-is/1.6.18:
    resolution: {integrity: sha512-TkRKr9sUTxEH8MdfuCSP7VizJyzRNMjj2J2do2Jr3Kym598JVdEksuzPQCnlFPW4ky9Q+iA+ma9BGm06XQBy8g==}
    engines: {node: '>= 0.6'}
    dependencies:
      media-typer: 0.3.0
      mime-types: 2.1.35
    dev: false

  /uuid/8.3.2:
    resolution: {integrity: sha512-+NYs2QeMWy+GWFOEm9xnn6HCDp0l7QBD7ml8zLUmJ+93Q5NF0NocErnwkTkXVFNiX3/fpC6afS8Dhb/gz7R7eg==}
    hasBin: true
    dev: false
